{
  "nodes": {
    "nixpkgs": {
      "locked": {
        "lastModified": 1774395102,
        "narHash": "sha256-xczLTOtxDtxafxPxx9jv3g0z7Cx+49p8H7gCCwexFKc=",
        "owner": "NixOS",
        "repo": "nixpkgs",
        "rev": "2ac71c20e267fba480ec8b38d80333e189b89dfc",
        "type": "github"
      },
      "original": {
        "owner": "NixOS",
        "repo": "nixpkgs",
        "type": "github"
      }
    },
    "root": {
      "inputs": {
        "nixpkgs": "nixpkgs"
      }
    }
  },
  "root": "root",
  "version": 7
}
