{
  "nodes": {
    "nixpkgs": {
      "locked": {
        "lastModified": 1775920303,
        "narHash": "sha256-DGc60A/1edoRFl+jaWnUOlRvOas7OsgvmaX5IeaGRj8=",
        "owner": "NixOS",
        "repo": "nixpkgs",
        "rev": "2263efc48f5bcb36662b662011a74fccaf262a43",
        "type": "github"
      },
      "original": {
        "owner": "NixOS",
        "repo": "nixpkgs",
        "type": "github"
      }
    },
    "root": {
      "inputs": {
        "nixpkgs": "nixpkgs"
      }
    }
  },
  "root": "root",
  "version": 7
}
