{
  "nodes": {
    "nixpkgs": {
      "locked": {
        "lastModified": 1776654441,
        "narHash": "sha256-3Oym00zEaE0W+sF6c8K/MhBpenYbIVOM0bmWT2ESHeA=",
        "owner": "NixOS",
        "repo": "nixpkgs",
        "rev": "9627c3cccc0894971286bffff5895b8fc3b78bf3",
        "type": "github"
      },
      "original": {
        "owner": "NixOS",
        "repo": "nixpkgs",
        "type": "github"
      }
    },
    "root": {
      "inputs": {
        "nixpkgs": "nixpkgs"
      }
    }
  },
  "root": "root",
  "version": 7
}
